
Microsoft Visual Studio Solution File, Format Version 12.00
# Visual Studio Version 16
VisualStudioVersion = 16.0.31410.357
MinimumVisualStudioVersion = 10.0.40219.1
Project("{9A19103F-16F7-4668-BE54-9A1E7A4F7556}") = "RestAPI", "RestAPI\RestAPI.csproj", "{AEAC4973-7D3C-4B4F-AAC7-C924B8694EBC}"
EndProject
Project("{E53339B2-1760-4266-BCC7-CA923CBCF16C}") = "docker-compose", "docker-compose.dcproj", "{F39DD889-E755-46E3-9341-3DEB4177E70A}"
EndProject
Global
	GlobalSection(SolutionConfigurationPlatforms) = preSolution
		Debug|Any CPU = Debug|Any CPU
		Release|Any CPU = Release|Any CPU
	EndGlobalSection
	GlobalSection(ProjectConfigurationPlatforms) = postSolution
		{AEAC4973-7D3C-4B4F-AAC7-C924B8694EBC}.Debug|Any CPU.ActiveCfg = Debug|Any CPU
		{AEAC4973-7D3C-4B4F-AAC7-C924B8694EBC}.Debug|Any CPU.Build.0 = Debug|Any CPU
		{AEAC4973-7D3C-4B4F-AAC7-C924B8694EBC}.Release|Any CPU.ActiveCfg = Release|Any CPU
		{AEAC4973-7D3C-4B4F-AAC7-C924B8694EBC}.Release|Any CPU.Build.0 = Release|Any CPU
		{F39DD889-E755-46E3-9341-3DEB4177E70A}.Debug|Any CPU.ActiveCfg = Debug|Any CPU
		{F39DD889-E755-46E3-9341-3DEB4177E70A}.Debug|Any CPU.Build.0 = Debug|Any CPU
		{F39DD889-E755-46E3-9341-3DEB4177E70A}.Release|Any CPU.ActiveCfg = Release|Any CPU
		{F39DD889-E755-46E3-9341-3DEB4177E70A}.Release|Any CPU.Build.0 = Release|Any CPU
	EndGlobalSection
	GlobalSection(SolutionProperties) = preSolution
		HideSolutionNode = FALSE
	EndGlobalSection
	GlobalSection(ExtensibilityGlobals) = postSolution
		SolutionGuid = {FD86EC8A-A1FE-436C-8A68-11F833DAB837}
	EndGlobalSection
EndGlobal
